
Microsoft Visual Studio Solution File, Format Version 12.00
# Visual Studio 15
VisualStudioVersion = 15.0.26430.15
MinimumVisualStudioVersion = 10.0.40219.1
Project("{FAE04EC0-301F-11D3-BF4B-00C04F79EFBC}") = "ExampleMaterialApp.Android", "ExampleMaterialApp\ExampleMaterialApp.Android\ExampleMaterialApp.Android.csproj", "{B00F30EB-E9BE-4C0A-A978-2A4C20922DAD}"
EndProject
Project("{FAE04EC0-301F-11D3-BF4B-00C04F79EFBC}") = "ExampleMaterialApp", "ExampleMaterialApp\ExampleMaterialApp\ExampleMaterialApp.csproj", "{158C19A4-FB11-44F8-AF91-784B99E6211B}"
EndProject
Project("{FAE04EC0-301F-11D3-BF4B-00C04F79EFBC}") = "ExampleMaterialApp.UWP", "ExampleMaterialApp\ExampleMaterialApp.UWP\ExampleMaterialApp.UWP.csproj", "{AD30A378-6ADE-4704-99D0-96C9BE942589}"
EndProject
Project("{FAE04EC0-301F-11D3-BF4B-00C04F79EFBC}") = "ExampleMaterialApp.iOS", "ExampleMaterialApp\ExampleMaterialApp.iOS\ExampleMaterialApp.iOS.csproj", "{85DFA6F2-BBF2-4037-B508-DB01756A3ED7}"
EndProject
Project("{2150E333-8FDC-42A3-9474-1A3956D46DE8}") = "lib", "lib", "{E6C9B585-DF75-4C60-8EEF-8F95135E2FE8}"
EndProject
Project("{FAE04EC0-301F-11D3-BF4B-00C04F79EFBC}") = "SuaveControls.MaterialForms", "..\..\src\SuaveControls.MaterialForms\SuaveControls.MaterialForms.csproj", "{67F9D3A8-F71E-4428-913F-C37AE82CDB24}"
EndProject
Project("{FAE04EC0-301F-11D3-BF4B-00C04F79EFBC}") = "SuaveControls.MaterialForms.Android", "..\..\src\SuaveControls.MaterialForms.Android\SuaveControls.MaterialForms.Android.csproj", "{C646A031-62AB-47AD-B584-B96270522CCD}"
EndProject
Project("{FAE04EC0-301F-11D3-BF4B-00C04F79EFBC}") = "SuaveControls.MaterialForms.iOS", "..\..\src\SuaveControls.MaterialForms.iOS\SuaveControls.MaterialForms.iOS.csproj", "{A9A6301A-0BD0-46A4-9AA7-E96491FA3965}"
EndProject
Project("{FAE04EC0-301F-11D3-BF4B-00C04F79EFBC}") = "SuaveControls.MaterialForms.UWP", "..\..\src\SuaveControls.MaterialForms.UWP\SuaveControls.MaterialForms.UWP.csproj", "{C69E86AB-83FF-40AE-871E-CFF452AA426F}"
EndProject
Project("{5DD5E4FA-CB73-4610-85AB-557B54E96AA9}") = "SuaveControls.MaterialForms.NuGet", "..\..\src\SuaveControls.MaterialForms.NuGet\SuaveControls.MaterialForms.NuGet.nuproj", "{81C8331B-A02B-45E0-AB95-CB2B2223672C}"
EndProject
Global
	GlobalSection(SolutionConfigurationPlatforms) = preSolution
		Ad-Hoc|Any CPU = Ad-Hoc|Any CPU
		Ad-Hoc|ARM = Ad-Hoc|ARM
		Ad-Hoc|iPhone = Ad-Hoc|iPhone
		Ad-Hoc|iPhoneSimulator = Ad-Hoc|iPhoneSimulator
		Ad-Hoc|x64 = Ad-Hoc|x64
		Ad-Hoc|x86 = Ad-Hoc|x86
		AppStore|Any CPU = AppStore|Any CPU
		AppStore|ARM = AppStore|ARM
		AppStore|iPhone = AppStore|iPhone
		AppStore|iPhoneSimulator = AppStore|iPhoneSimulator
		AppStore|x64 = AppStore|x64
		AppStore|x86 = AppStore|x86
		Debug|Any CPU = Debug|Any CPU
		Debug|ARM = Debug|ARM
		Debug|iPhone = Debug|iPhone
		Debug|iPhoneSimulator = Debug|iPhoneSimulator
		Debug|x64 = Debug|x64
		Debug|x86 = Debug|x86
		Release|Any CPU = Release|Any CPU
		Release|ARM = Release|ARM
		Release|iPhone = Release|iPhone
		Release|iPhoneSimulator = Release|iPhoneSimulator
		Release|x64 = Release|x64
		Release|x86 = Release|x86
	EndGlobalSection
	GlobalSection(ProjectConfigurationPlatforms) = postSolution
		{B00F30EB-E9BE-4C0A-A978-2A4C20922DAD}.Ad-Hoc|Any CPU.ActiveCfg = Release|Any CPU
		{B00F30EB-E9BE-4C0A-A978-2A4C20922DAD}.Ad-Hoc|Any CPU.Build.0 = Release|Any CPU
		{B00F30EB-E9BE-4C0A-A978-2A4C20922DAD}.Ad-Hoc|Any CPU.Deploy.0 = Release|Any CPU
		{B00F30EB-E9BE-4C0A-A978-2A4C20922DAD}.Ad-Hoc|ARM.ActiveCfg = Release|Any CPU
		{B00F30EB-E9BE-4C0A-A978-2A4C20922DAD}.Ad-Hoc|ARM.Build.0 = Release|Any CPU
		{B00F30EB-E9BE-4C0A-A978-2A4C20922DAD}.Ad-Hoc|ARM.Deploy.0 = Release|Any CPU
		{B00F30EB-E9BE-4C0A-A978-2A4C20922DAD}.Ad-Hoc|iPhone.ActiveCfg = Release|Any CPU
		{B00F30EB-E9BE-4C0A-A978-2A4C20922DAD}.Ad-Hoc|iPhone.Build.0 = Release|Any CPU
		{B00F30EB-E9BE-4C0A-A978-2A4C20922DAD}.Ad-Hoc|iPhone.Deploy.0 = Release|Any CPU
		{B00F30EB-E9BE-4C0A-A978-2A4C20922DAD}.Ad-Hoc|iPhoneSimulator.ActiveCfg = Release|Any CPU
		{B00F30EB-E9BE-4C0A-A978-2A4C20922DAD}.Ad-Hoc|iPhoneSimulator.Build.0 = Release|Any CPU
		{B00F30EB-E9BE-4C0A-A978-2A4C20922DAD}.Ad-Hoc|iPhoneSimulator.Deploy.0 = Release|Any CPU
		{B00F30EB-E9BE-4C0A-A978-2A4C20922DAD}.Ad-Hoc|x64.ActiveCfg = Release|Any CPU
		{B00F30EB-E9BE-4C0A-A978-2A4C20922DAD}.Ad-Hoc|x64.Build.0 = Release|Any CPU
		{B00F30EB-E9BE-4C0A-A978-2A4C20922DAD}.Ad-Hoc|x64.Deploy.0 = Release|Any CPU
		{B00F30EB-E9BE-4C0A-A978-2A4C20922DAD}.Ad-Hoc|x86.ActiveCfg = Release|Any CPU
		{B00F30EB-E9BE-4C0A-A978-2A4C20922DAD}.Ad-Hoc|x86.Build.0 = Release|Any CPU
		{B00F30EB-E9BE-4C0A-A978-2A4C20922DAD}.Ad-Hoc|x86.Deploy.0 = Release|Any CPU
		{B00F30EB-E9BE-4C0A-A978-2A4C20922DAD}.AppStore|Any CPU.ActiveCfg = Release|Any CPU
		{B00F30EB-E9BE-4C0A-A978-2A4C20922DAD}.AppStore|Any CPU.Build.0 = Release|Any CPU
		{B00F30EB-E9BE-4C0A-A978-2A4C20922DAD}.AppStore|Any CPU.Deploy.0 = Release|Any CPU
		{B00F30EB-E9BE-4C0A-A978-2A4C20922DAD}.AppStore|ARM.ActiveCfg = Release|Any CPU
		{B00F30EB-E9BE-4C0A-A978-2A4C20922DAD}.AppStore|ARM.Build.0 = Release|Any CPU
		{B00F30EB-E9BE-4C0A-A978-2A4C20922DAD}.AppStore|ARM.Deploy.0 = Release|Any CPU
		{B00F30EB-E9BE-4C0A-A978-2A4C20922DAD}.AppStore|iPhone.ActiveCfg = Release|Any CPU
		{B00F30EB-E9BE-4C0A-A978-2A4C20922DAD}.AppStore|iPhone.Build.0 = Release|Any CPU
		{B00F30EB-E9BE-4C0A-A978-2A4C20922DAD}.AppStore|iPhone.Deploy.0 = Release|Any CPU
		{B00F30EB-E9BE-4C0A-A978-2A4C20922DAD}.AppStore|iPhoneSimulator.ActiveCfg = Release|Any CPU
		{B00F30EB-E9BE-4C0A-A978-2A4C20922DAD}.AppStore|iPhoneSimulator.Build.0 = Release|Any CPU
		{B00F30EB-E9BE-4C0A-A978-2A4C20922DAD}.AppStore|iPhoneSimulator.Deploy.0 = Release|Any CPU
		{B00F30EB-E9BE-4C0A-A978-2A4C20922DAD}.AppStore|x64.ActiveCfg = Release|Any CPU
		{B00F30EB-E9BE-4C0A-A978-2A4C20922DAD}.AppStore|x64.Build.0 = Release|Any CPU
		{B00F30EB-E9BE-4C0A-A978-2A4C20922DAD}.AppStore|x64.Deploy.0 = Release|Any CPU
		{B00F30EB-E9BE-4C0A-A978-2A4C20922DAD}.AppStore|x86.ActiveCfg = Release|Any CPU
		{B00F30EB-E9BE-4C0A-A978-2A4C20922DAD}.AppStore|x86.Build.0 = Release|Any CPU
		{B00F30EB-E9BE-4C0A-A978-2A4C20922DAD}.AppStore|x86.Deploy.0 = Release|Any CPU
		{B00F30EB-E9BE-4C0A-A978-2A4C20922DAD}.Debug|Any CPU.ActiveCfg = Debug|Any CPU
		{B00F30EB-E9BE-4C0A-A978-2A4C20922DAD}.Debug|Any CPU.Build.0 = Debug|Any CPU
		{B00F30EB-E9BE-4C0A-A978-2A4C20922DAD}.Debug|Any CPU.Deploy.0 = Debug|Any CPU
		{B00F30EB-E9BE-4C0A-A978-2A4C20922DAD}.Debug|ARM.ActiveCfg = Debug|Any CPU
		{B00F30EB-E9BE-4C0A-A978-2A4C20922DAD}.Debug|ARM.Build.0 = Debug|Any CPU
		{B00F30EB-E9BE-4C0A-A978-2A4C20922DAD}.Debug|ARM.Deploy.0 = Debug|Any CPU
		{B00F30EB-E9BE-4C0A-A978-2A4C20922DAD}.Debug|iPhone.ActiveCfg = Debug|Any CPU
		{B00F30EB-E9BE-4C0A-A978-2A4C20922DAD}.Debug|iPhone.Build.0 = Debug|Any CPU
		{B00F30EB-E9BE-4C0A-A978-2A4C20922DAD}.Debug|iPhone.Deploy.0 = Debug|Any CPU
		{B00F30EB-E9BE-4C0A-A978-2A4C20922DAD}.Debug|iPhoneSimulator.ActiveCfg = Debug|Any CPU
		{B00F30EB-E9BE-4C0A-A978-2A4C20922DAD}.Debug|iPhoneSimulator.Build.0 = Debug|Any CPU
		{B00F30EB-E9BE-4C0A-A978-2A4C20922DAD}.Debug|iPhoneSimulator.Deploy.0 = Debug|Any CPU
		{B00F30EB-E9BE-4C0A-A978-2A4C20922DAD}.Debug|x64.ActiveCfg = Debug|Any CPU
		{B00F30EB-E9BE-4C0A-A978-2A4C20922DAD}.Debug|x64.Build.0 = Debug|Any CPU
		{B00F30EB-E9BE-4C0A-A978-2A4C20922DAD}.Debug|x64.Deploy.0 = Debug|Any CPU
		{B00F30EB-E9BE-4C0A-A978-2A4C20922DAD}.Debug|x86.ActiveCfg = Debug|Any CPU
		{B00F30EB-E9BE-4C0A-A978-2A4C20922DAD}.Debug|x86.Build.0 = Debug|Any CPU
		{B00F30EB-E9BE-4C0A-A978-2A4C20922DAD}.Debug|x86.Deploy.0 = Debug|Any CPU
		{B00F30EB-E9BE-4C0A-A978-2A4C20922DAD}.Release|Any CPU.ActiveCfg = Release|Any CPU
		{B00F30EB-E9BE-4C0A-A978-2A4C20922DAD}.Release|Any CPU.Build.0 = Release|Any CPU
		{B00F30EB-E9BE-4C0A-A978-2A4C20922DAD}.Release|Any CPU.Deploy.0 = Release|Any CPU
		{B00F30EB-E9BE-4C0A-A978-2A4C20922DAD}.Release|ARM.ActiveCfg = Release|Any CPU
		{B00F30EB-E9BE-4C0A-A978-2A4C20922DAD}.Release|ARM.Build.0 = Release|Any CPU
		{B00F30EB-E9BE-4C0A-A978-2A4C20922DAD}.Release|ARM.Deploy.0 = Release|Any CPU
		{B00F30EB-E9BE-4C0A-A978-2A4C20922DAD}.Release|iPhone.ActiveCfg = Release|Any CPU
		{B00F30EB-E9BE-4C0A-A978-2A4C20922DAD}.Release|iPhone.Build.0 = Release|Any CPU
		{B00F30EB-E9BE-4C0A-A978-2A4C20922DAD}.Release|iPhone.Deploy.0 = Release|Any CPU
		{B00F30EB-E9BE-4C0A-A978-2A4C20922DAD}.Release|iPhoneSimulator.ActiveCfg = Release|Any CPU
		{B00F30EB-E9BE-4C0A-A978-2A4C20922DAD}.Release|iPhoneSimulator.Build.0 = Release|Any CPU
		{B00F30EB-E9BE-4C0A-A978-2A4C20922DAD}.Release|iPhoneSimulator.Deploy.0 = Release|Any CPU
		{B00F30EB-E9BE-4C0A-A978-2A4C20922DAD}.Release|x64.ActiveCfg = Release|Any CPU
		{B00F30EB-E9BE-4C0A-A978-2A4C20922DAD}.Release|x64.Build.0 = Release|Any CPU
		{B00F30EB-E9BE-4C0A-A978-2A4C20922DAD}.Release|x64.Deploy.0 = Release|Any CPU
		{B00F30EB-E9BE-4C0A-A978-2A4C20922DAD}.Release|x86.ActiveCfg = Release|Any CPU
		{B00F30EB-E9BE-4C0A-A978-2A4C20922DAD}.Release|x86.Build.0 = Release|Any CPU
		{B00F30EB-E9BE-4C0A-A978-2A4C20922DAD}.Release|x86.Deploy.0 = Release|Any CPU
		{158C19A4-FB11-44F8-AF91-784B99E6211B}.Ad-Hoc|Any CPU.ActiveCfg = Release|Any CPU
		{158C19A4-FB11-44F8-AF91-784B99E6211B}.Ad-Hoc|Any CPU.Build.0 = Release|Any CPU
		{158C19A4-FB11-44F8-AF91-784B99E6211B}.Ad-Hoc|ARM.ActiveCfg = Release|Any CPU
		{158C19A4-FB11-44F8-AF91-784B99E6211B}.Ad-Hoc|ARM.Build.0 = Release|Any CPU
		{158C19A4-FB11-44F8-AF91-784B99E6211B}.Ad-Hoc|iPhone.ActiveCfg = Release|Any CPU
		{158C19A4-FB11-44F8-AF91-784B99E6211B}.Ad-Hoc|iPhone.Build.0 = Release|Any CPU
		{158C19A4-FB11-44F8-AF91-784B99E6211B}.Ad-Hoc|iPhoneSimulator.ActiveCfg = Release|Any CPU
		{158C19A4-FB11-44F8-AF91-784B99E6211B}.Ad-Hoc|iPhoneSimulator.Build.0 = Release|Any CPU
		{158C19A4-FB11-44F8-AF91-784B99E6211B}.Ad-Hoc|x64.ActiveCfg = Release|Any CPU
		{158C19A4-FB11-44F8-AF91-784B99E6211B}.Ad-Hoc|x64.Build.0 = Release|Any CPU
		{158C19A4-FB11-44F8-AF91-784B99E6211B}.Ad-Hoc|x86.ActiveCfg = Release|Any CPU
		{158C19A4-FB11-44F8-AF91-784B99E6211B}.Ad-Hoc|x86.Build.0 = Release|Any CPU
		{158C19A4-FB11-44F8-AF91-784B99E6211B}.AppStore|Any CPU.ActiveCfg = Release|Any CPU
		{158C19A4-FB11-44F8-AF91-784B99E6211B}.AppStore|Any CPU.Build.0 = Release|Any CPU
		{158C19A4-FB11-44F8-AF91-784B99E6211B}.AppStore|ARM.ActiveCfg = Release|Any CPU
		{158C19A4-FB11-44F8-AF91-784B99E6211B}.AppStore|ARM.Build.0 = Release|Any CPU
		{158C19A4-FB11-44F8-AF91-784B99E6211B}.AppStore|iPhone.ActiveCfg = Release|Any CPU
		{158C19A4-FB11-44F8-AF91-784B99E6211B}.AppStore|iPhone.Build.0 = Release|Any CPU
		{158C19A4-FB11-44F8-AF91-784B99E6211B}.AppStore|iPhoneSimulator.ActiveCfg = Release|Any CPU
		{158C19A4-FB11-44F8-AF91-784B99E6211B}.AppStore|iPhoneSimulator.Build.0 = Release|Any CPU
		{158C19A4-FB11-44F8-AF91-784B99E6211B}.AppStore|x64.ActiveCfg = Release|Any CPU
		{158C19A4-FB11-44F8-AF91-784B99E6211B}.AppStore|x64.Build.0 = Release|Any CPU
		{158C19A4-FB11-44F8-AF91-784B99E6211B}.AppStore|x86.ActiveCfg = Release|Any CPU
		{158C19A4-FB11-44F8-AF91-784B99E6211B}.AppStore|x86.Build.0 = Release|Any CPU
		{158C19A4-FB11-44F8-AF91-784B99E6211B}.Debug|Any CPU.ActiveCfg = Debug|Any CPU
		{158C19A4-FB11-44F8-AF91-784B99E6211B}.Debug|Any CPU.Build.0 = Debug|Any CPU
		{158C19A4-FB11-44F8-AF91-784B99E6211B}.Debug|ARM.ActiveCfg = Debug|Any CPU
		{158C19A4-FB11-44F8-AF91-784B99E6211B}.Debug|ARM.Build.0 = Debug|Any CPU
		{158C19A4-FB11-44F8-AF91-784B99E6211B}.Debug|iPhone.ActiveCfg = Debug|Any CPU
		{158C19A4-FB11-44F8-AF91-784B99E6211B}.Debug|iPhone.Build.0 = Debug|Any CPU
		{158C19A4-FB11-44F8-AF91-784B99E6211B}.Debug|iPhoneSimulator.ActiveCfg = Debug|Any CPU
		{158C19A4-FB11-44F8-AF91-784B99E6211B}.Debug|iPhoneSimulator.Build.0 = Debug|Any CPU
		{158C19A4-FB11-44F8-AF91-784B99E6211B}.Debug|x64.ActiveCfg = Debug|Any CPU
		{158C19A4-FB11-44F8-AF91-784B99E6211B}.Debug|x64.Build.0 = Debug|Any CPU
		{158C19A4-FB11-44F8-AF91-784B99E6211B}.Debug|x86.ActiveCfg = Debug|Any CPU
		{158C19A4-FB11-44F8-AF91-784B99E6211B}.Debug|x86.Build.0 = Debug|Any CPU
		{158C19A4-FB11-44F8-AF91-784B99E6211B}.Release|Any CPU.ActiveCfg = Release|Any CPU
		{158C19A4-FB11-44F8-AF91-784B99E6211B}.Release|Any CPU.Build.0 = Release|Any CPU
		{158C19A4-FB11-44F8-AF91-784B99E6211B}.Release|ARM.ActiveCfg = Release|Any CPU
		{158C19A4-FB11-44F8-AF91-784B99E6211B}.Release|ARM.Build.0 = Release|Any CPU
		{158C19A4-FB11-44F8-AF91-784B99E6211B}.Release|iPhone.ActiveCfg = Release|Any CPU
		{158C19A4-FB11-44F8-AF91-784B99E6211B}.Release|iPhone.Build.0 = Release|Any CPU
		{158C19A4-FB11-44F8-AF91-784B99E6211B}.Release|iPhoneSimulator.ActiveCfg = Release|Any CPU
		{158C19A4-FB11-44F8-AF91-784B99E6211B}.Release|iPhoneSimulator.Build.0 = Release|Any CPU
		{158C19A4-FB11-44F8-AF91-784B99E6211B}.Release|x64.ActiveCfg = Release|Any CPU
		{158C19A4-FB11-44F8-AF91-784B99E6211B}.Release|x64.Build.0 = Release|Any CPU
		{158C19A4-FB11-44F8-AF91-784B99E6211B}.Release|x86.ActiveCfg = Release|Any CPU
		{158C19A4-FB11-44F8-AF91-784B99E6211B}.Release|x86.Build.0 = Release|Any CPU
		{AD30A378-6ADE-4704-99D0-96C9BE942589}.Ad-Hoc|Any CPU.ActiveCfg = Release|x86
		{AD30A378-6ADE-4704-99D0-96C9BE942589}.Ad-Hoc|Any CPU.Build.0 = Release|x86
		{AD30A378-6ADE-4704-99D0-96C9BE942589}.Ad-Hoc|Any CPU.Deploy.0 = Release|x86
		{AD30A378-6ADE-4704-99D0-96C9BE942589}.Ad-Hoc|ARM.ActiveCfg = Release|ARM
		{AD30A378-6ADE-4704-99D0-96C9BE942589}.Ad-Hoc|ARM.Build.0 = Release|ARM
		{AD30A378-6ADE-4704-99D0-96C9BE942589}.Ad-Hoc|ARM.Deploy.0 = Release|ARM
		{AD30A378-6ADE-4704-99D0-96C9BE942589}.Ad-Hoc|iPhone.ActiveCfg = Release|x86
		{AD30A378-6ADE-4704-99D0-96C9BE942589}.Ad-Hoc|iPhone.Build.0 = Release|x86
		{AD30A378-6ADE-4704-99D0-96C9BE942589}.Ad-Hoc|iPhone.Deploy.0 = Release|x86
		{AD30A378-6ADE-4704-99D0-96C9BE942589}.Ad-Hoc|iPhoneSimulator.ActiveCfg = Release|x86
		{AD30A378-6ADE-4704-99D0-96C9BE942589}.Ad-Hoc|iPhoneSimulator.Build.0 = Release|x86
		{AD30A378-6ADE-4704-99D0-96C9BE942589}.Ad-Hoc|iPhoneSimulator.Deploy.0 = Release|x86
		{AD30A378-6ADE-4704-99D0-96C9BE942589}.Ad-Hoc|x64.ActiveCfg = Release|x64
		{AD30A378-6ADE-4704-99D0-96C9BE942589}.Ad-Hoc|x64.Build.0 = Release|x64
		{AD30A378-6ADE-4704-99D0-96C9BE942589}.Ad-Hoc|x64.Deploy.0 = Release|x64
		{AD30A378-6ADE-4704-99D0-96C9BE942589}.Ad-Hoc|x86.ActiveCfg = Release|x86
		{AD30A378-6ADE-4704-99D0-96C9BE942589}.Ad-Hoc|x86.Build.0 = Release|x86
		{AD30A378-6ADE-4704-99D0-96C9BE942589}.Ad-Hoc|x86.Deploy.0 = Release|x86
		{AD30A378-6ADE-4704-99D0-96C9BE942589}.AppStore|Any CPU.ActiveCfg = Release|x86
		{AD30A378-6ADE-4704-99D0-96C9BE942589}.AppStore|Any CPU.Build.0 = Release|x86
		{AD30A378-6ADE-4704-99D0-96C9BE942589}.AppStore|Any CPU.Deploy.0 = Release|x86
		{AD30A378-6ADE-4704-99D0-96C9BE942589}.AppStore|ARM.ActiveCfg = Release|ARM
		{AD30A378-6ADE-4704-99D0-96C9BE942589}.AppStore|ARM.Build.0 = Release|ARM
		{AD30A378-6ADE-4704-99D0-96C9BE942589}.AppStore|ARM.Deploy.0 = Release|ARM
		{AD30A378-6ADE-4704-99D0-96C9BE942589}.AppStore|iPhone.ActiveCfg = Release|x86
		{AD30A378-6ADE-4704-99D0-96C9BE942589}.AppStore|iPhone.Build.0 = Release|x86
		{AD30A378-6ADE-4704-99D0-96C9BE942589}.AppStore|iPhone.Deploy.0 = Release|x86
		{AD30A378-6ADE-4704-99D0-96C9BE942589}.AppStore|iPhoneSimulator.ActiveCfg = Release|x86
		{AD30A378-6ADE-4704-99D0-96C9BE942589}.AppStore|iPhoneSimulator.Build.0 = Release|x86
		{AD30A378-6ADE-4704-99D0-96C9BE942589}.AppStore|iPhoneSimulator.Deploy.0 = Release|x86
		{AD30A378-6ADE-4704-99D0-96C9BE942589}.AppStore|x64.ActiveCfg = Release|x64
		{AD30A378-6ADE-4704-99D0-96C9BE942589}.AppStore|x64.Build.0 = Release|x64
		{AD30A378-6ADE-4704-99D0-96C9BE942589}.AppStore|x64.Deploy.0 = Release|x64
		{AD30A378-6ADE-4704-99D0-96C9BE942589}.AppStore|x86.ActiveCfg = Release|x86
		{AD30A378-6ADE-4704-99D0-96C9BE942589}.AppStore|x86.Build.0 = Release|x86
		{AD30A378-6ADE-4704-99D0-96C9BE942589}.AppStore|x86.Deploy.0 = Release|x86
		{AD30A378-6ADE-4704-99D0-96C9BE942589}.Debug|Any CPU.ActiveCfg = Debug|x86
		{AD30A378-6ADE-4704-99D0-96C9BE942589}.Debug|ARM.ActiveCfg = Debug|ARM
		{AD30A378-6ADE-4704-99D0-96C9BE942589}.Debug|ARM.Build.0 = Debug|ARM
		{AD30A378-6ADE-4704-99D0-96C9BE942589}.Debug|ARM.Deploy.0 = Debug|ARM
		{AD30A378-6ADE-4704-99D0-96C9BE942589}.Debug|iPhone.ActiveCfg = Debug|x86
		{AD30A378-6ADE-4704-99D0-96C9BE942589}.Debug|iPhoneSimulator.ActiveCfg = Debug|x86
		{AD30A378-6ADE-4704-99D0-96C9BE942589}.Debug|x64.ActiveCfg = Debug|x64
		{AD30A378-6ADE-4704-99D0-96C9BE942589}.Debug|x64.Build.0 = Debug|x64
		{AD30A378-6ADE-4704-99D0-96C9BE942589}.Debug|x64.Deploy.0 = Debug|x64
		{AD30A378-6ADE-4704-99D0-96C9BE942589}.Debug|x86.ActiveCfg = Debug|x86
		{AD30A378-6ADE-4704-99D0-96C9BE942589}.Debug|x86.Build.0 = Debug|x86
		{AD30A378-6ADE-4704-99D0-96C9BE942589}.Debug|x86.Deploy.0 = Debug|x86
		{AD30A378-6ADE-4704-99D0-96C9BE942589}.Release|Any CPU.ActiveCfg = Release|x86
		{AD30A378-6ADE-4704-99D0-96C9BE942589}.Release|ARM.ActiveCfg = Release|ARM
		{AD30A378-6ADE-4704-99D0-96C9BE942589}.Release|ARM.Build.0 = Release|ARM
		{AD30A378-6ADE-4704-99D0-96C9BE942589}.Release|ARM.Deploy.0 = Release|ARM
		{AD30A378-6ADE-4704-99D0-96C9BE942589}.Release|iPhone.ActiveCfg = Release|x86
		{AD30A378-6ADE-4704-99D0-96C9BE942589}.Release|iPhoneSimulator.ActiveCfg = Release|x86
		{AD30A378-6ADE-4704-99D0-96C9BE942589}.Release|x64.ActiveCfg = Release|x64
		{AD30A378-6ADE-4704-99D0-96C9BE942589}.Release|x64.Build.0 = Release|x64
		{AD30A378-6ADE-4704-99D0-96C9BE942589}.Release|x64.Deploy.0 = Release|x64
		{AD30A378-6ADE-4704-99D0-96C9BE942589}.Release|x86.ActiveCfg = Release|x86
		{AD30A378-6ADE-4704-99D0-96C9BE942589}.Release|x86.Build.0 = Release|x86
		{AD30A378-6ADE-4704-99D0-96C9BE942589}.Release|x86.Deploy.0 = Release|x86
		{85DFA6F2-BBF2-4037-B508-DB01756A3ED7}.Ad-Hoc|Any CPU.ActiveCfg = Ad-Hoc|iPhone
		{85DFA6F2-BBF2-4037-B508-DB01756A3ED7}.Ad-Hoc|ARM.ActiveCfg = Ad-Hoc|iPhone
		{85DFA6F2-BBF2-4037-B508-DB01756A3ED7}.Ad-Hoc|iPhone.ActiveCfg = Ad-Hoc|iPhone
		{85DFA6F2-BBF2-4037-B508-DB01756A3ED7}.Ad-Hoc|iPhone.Build.0 = Ad-Hoc|iPhone
		{85DFA6F2-BBF2-4037-B508-DB01756A3ED7}.Ad-Hoc|iPhoneSimulator.ActiveCfg = Ad-Hoc|iPhoneSimulator
		{85DFA6F2-BBF2-4037-B508-DB01756A3ED7}.Ad-Hoc|iPhoneSimulator.Build.0 = Ad-Hoc|iPhoneSimulator
		{85DFA6F2-BBF2-4037-B508-DB01756A3ED7}.Ad-Hoc|x64.ActiveCfg = Ad-Hoc|iPhone
		{85DFA6F2-BBF2-4037-B508-DB01756A3ED7}.Ad-Hoc|x86.ActiveCfg = Ad-Hoc|iPhone
		{85DFA6F2-BBF2-4037-B508-DB01756A3ED7}.AppStore|Any CPU.ActiveCfg = AppStore|iPhone
		{85DFA6F2-BBF2-4037-B508-DB01756A3ED7}.AppStore|ARM.ActiveCfg = AppStore|iPhone
		{85DFA6F2-BBF2-4037-B508-DB01756A3ED7}.AppStore|iPhone.ActiveCfg = AppStore|iPhone
		{85DFA6F2-BBF2-4037-B508-DB01756A3ED7}.AppStore|iPhone.Build.0 = AppStore|iPhone
		{85DFA6F2-BBF2-4037-B508-DB01756A3ED7}.AppStore|iPhoneSimulator.ActiveCfg = AppStore|iPhoneSimulator
		{85DFA6F2-BBF2-4037-B508-DB01756A3ED7}.AppStore|iPhoneSimulator.Build.0 = AppStore|iPhoneSimulator
		{85DFA6F2-BBF2-4037-B508-DB01756A3ED7}.AppStore|x64.ActiveCfg = AppStore|iPhone
		{85DFA6F2-BBF2-4037-B508-DB01756A3ED7}.AppStore|x86.ActiveCfg = AppStore|iPhone
		{85DFA6F2-BBF2-4037-B508-DB01756A3ED7}.Debug|Any CPU.ActiveCfg = Debug|iPhone
		{85DFA6F2-BBF2-4037-B508-DB01756A3ED7}.Debug|ARM.ActiveCfg = Debug|iPhone
		{85DFA6F2-BBF2-4037-B508-DB01756A3ED7}.Debug|iPhone.ActiveCfg = Debug|iPhone
		{85DFA6F2-BBF2-4037-B508-DB01756A3ED7}.Debug|iPhone.Build.0 = Debug|iPhone
		{85DFA6F2-BBF2-4037-B508-DB01756A3ED7}.Debug|iPhoneSimulator.ActiveCfg = Debug|iPhoneSimulator
		{85DFA6F2-BBF2-4037-B508-DB01756A3ED7}.Debug|iPhoneSimulator.Build.0 = Debug|iPhoneSimulator
		{85DFA6F2-BBF2-4037-B508-DB01756A3ED7}.Debug|x64.ActiveCfg = Debug|iPhone
		{85DFA6F2-BBF2-4037-B508-DB01756A3ED7}.Debug|x86.ActiveCfg = Debug|iPhone
		{85DFA6F2-BBF2-4037-B508-DB01756A3ED7}.Release|Any CPU.ActiveCfg = Release|iPhone
		{85DFA6F2-BBF2-4037-B508-DB01756A3ED7}.Release|ARM.ActiveCfg = Release|iPhone
		{85DFA6F2-BBF2-4037-B508-DB01756A3ED7}.Release|iPhone.ActiveCfg = Release|iPhone
		{85DFA6F2-BBF2-4037-B508-DB01756A3ED7}.Release|iPhone.Build.0 = Release|iPhone
		{85DFA6F2-BBF2-4037-B508-DB01756A3ED7}.Release|iPhoneSimulator.ActiveCfg = Release|iPhoneSimulator
		{85DFA6F2-BBF2-4037-B508-DB01756A3ED7}.Release|iPhoneSimulator.Build.0 = Release|iPhoneSimulator
		{85DFA6F2-BBF2-4037-B508-DB01756A3ED7}.Release|x64.ActiveCfg = Release|iPhone
		{85DFA6F2-BBF2-4037-B508-DB01756A3ED7}.Release|x86.ActiveCfg = Release|iPhone
		{67F9D3A8-F71E-4428-913F-C37AE82CDB24}.Ad-Hoc|Any CPU.ActiveCfg = Release|Any CPU
		{67F9D3A8-F71E-4428-913F-C37AE82CDB24}.Ad-Hoc|Any CPU.Build.0 = Release|Any CPU
		{67F9D3A8-F71E-4428-913F-C37AE82CDB24}.Ad-Hoc|ARM.ActiveCfg = Release|Any CPU
		{67F9D3A8-F71E-4428-913F-C37AE82CDB24}.Ad-Hoc|ARM.Build.0 = Release|Any CPU
		{67F9D3A8-F71E-4428-913F-C37AE82CDB24}.Ad-Hoc|iPhone.ActiveCfg = Release|Any CPU
		{67F9D3A8-F71E-4428-913F-C37AE82CDB24}.Ad-Hoc|iPhone.Build.0 = Release|Any CPU
		{67F9D3A8-F71E-4428-913F-C37AE82CDB24}.Ad-Hoc|iPhoneSimulator.ActiveCfg = Release|Any CPU
		{67F9D3A8-F71E-4428-913F-C37AE82CDB24}.Ad-Hoc|iPhoneSimulator.Build.0 = Release|Any CPU
		{67F9D3A8-F71E-4428-913F-C37AE82CDB24}.Ad-Hoc|x64.ActiveCfg = Release|Any CPU
		{67F9D3A8-F71E-4428-913F-C37AE82CDB24}.Ad-Hoc|x64.Build.0 = Release|Any CPU
		{67F9D3A8-F71E-4428-913F-C37AE82CDB24}.Ad-Hoc|x86.ActiveCfg = Release|Any CPU
		{67F9D3A8-F71E-4428-913F-C37AE82CDB24}.Ad-Hoc|x86.Build.0 = Release|Any CPU
		{67F9D3A8-F71E-4428-913F-C37AE82CDB24}.AppStore|Any CPU.ActiveCfg = Release|Any CPU
		{67F9D3A8-F71E-4428-913F-C37AE82CDB24}.AppStore|Any CPU.Build.0 = Release|Any CPU
		{67F9D3A8-F71E-4428-913F-C37AE82CDB24}.AppStore|ARM.ActiveCfg = Release|Any CPU
		{67F9D3A8-F71E-4428-913F-C37AE82CDB24}.AppStore|ARM.Build.0 = Release|Any CPU
		{67F9D3A8-F71E-4428-913F-C37AE82CDB24}.AppStore|iPhone.ActiveCfg = Release|Any CPU
		{67F9D3A8-F71E-4428-913F-C37AE82CDB24}.AppStore|iPhone.Build.0 = Release|Any CPU
		{67F9D3A8-F71E-4428-913F-C37AE82CDB24}.AppStore|iPhoneSimulator.ActiveCfg = Release|Any CPU
		{67F9D3A8-F71E-4428-913F-C37AE82CDB24}.AppStore|iPhoneSimulator.Build.0 = Release|Any CPU
		{67F9D3A8-F71E-4428-913F-C37AE82CDB24}.AppStore|x64.ActiveCfg = Release|Any CPU
		{67F9D3A8-F71E-4428-913F-C37AE82CDB24}.AppStore|x64.Build.0 = Release|Any CPU
		{67F9D3A8-F71E-4428-913F-C37AE82CDB24}.AppStore|x86.ActiveCfg = Release|Any CPU
		{67F9D3A8-F71E-4428-913F-C37AE82CDB24}.AppStore|x86.Build.0 = Release|Any CPU
		{67F9D3A8-F71E-4428-913F-C37AE82CDB24}.Debug|Any CPU.ActiveCfg = Debug|Any CPU
		{67F9D3A8-F71E-4428-913F-C37AE82CDB24}.Debug|Any CPU.Build.0 = Debug|Any CPU
		{67F9D3A8-F71E-4428-913F-C37AE82CDB24}.Debug|ARM.ActiveCfg = Debug|Any CPU
		{67F9D3A8-F71E-4428-913F-C37AE82CDB24}.Debug|ARM.Build.0 = Debug|Any CPU
		{67F9D3A8-F71E-4428-913F-C37AE82CDB24}.Debug|iPhone.ActiveCfg = Debug|Any CPU
		{67F9D3A8-F71E-4428-913F-C37AE82CDB24}.Debug|iPhone.Build.0 = Debug|Any CPU
		{67F9D3A8-F71E-4428-913F-C37AE82CDB24}.Debug|iPhoneSimulator.ActiveCfg = Debug|Any CPU
		{67F9D3A8-F71E-4428-913F-C37AE82CDB24}.Debug|iPhoneSimulator.Build.0 = Debug|Any CPU
		{67F9D3A8-F71E-4428-913F-C37AE82CDB24}.Debug|x64.ActiveCfg = Debug|Any CPU
		{67F9D3A8-F71E-4428-913F-C37AE82CDB24}.Debug|x64.Build.0 = Debug|Any CPU
		{67F9D3A8-F71E-4428-913F-C37AE82CDB24}.Debug|x86.ActiveCfg = Debug|Any CPU
		{67F9D3A8-F71E-4428-913F-C37AE82CDB24}.Debug|x86.Build.0 = Debug|Any CPU
		{67F9D3A8-F71E-4428-913F-C37AE82CDB24}.Release|Any CPU.ActiveCfg = Release|Any CPU
		{67F9D3A8-F71E-4428-913F-C37AE82CDB24}.Release|Any CPU.Build.0 = Release|Any CPU
		{67F9D3A8-F71E-4428-913F-C37AE82CDB24}.Release|ARM.ActiveCfg = Release|Any CPU
		{67F9D3A8-F71E-4428-913F-C37AE82CDB24}.Release|ARM.Build.0 = Release|Any CPU
		{67F9D3A8-F71E-4428-913F-C37AE82CDB24}.Release|iPhone.ActiveCfg = Release|Any CPU
		{67F9D3A8-F71E-4428-913F-C37AE82CDB24}.Release|iPhone.Build.0 = Release|Any CPU
		{67F9D3A8-F71E-4428-913F-C37AE82CDB24}.Release|iPhoneSimulator.ActiveCfg = Release|Any CPU
		{67F9D3A8-F71E-4428-913F-C37AE82CDB24}.Release|iPhoneSimulator.Build.0 = Release|Any CPU
		{67F9D3A8-F71E-4428-913F-C37AE82CDB24}.Release|x64.ActiveCfg = Release|Any CPU
		{67F9D3A8-F71E-4428-913F-C37AE82CDB24}.Release|x64.Build.0 = Release|Any CPU
		{67F9D3A8-F71E-4428-913F-C37AE82CDB24}.Release|x86.ActiveCfg = Release|Any CPU
		{67F9D3A8-F71E-4428-913F-C37AE82CDB24}.Release|x86.Build.0 = Release|Any CPU
		{C646A031-62AB-47AD-B584-B96270522CCD}.Ad-Hoc|Any CPU.ActiveCfg = Release|Any CPU
		{C646A031-62AB-47AD-B584-B96270522CCD}.Ad-Hoc|Any CPU.Build.0 = Release|Any CPU
		{C646A031-62AB-47AD-B584-B96270522CCD}.Ad-Hoc|ARM.ActiveCfg = Release|Any CPU
		{C646A031-62AB-47AD-B584-B96270522CCD}.Ad-Hoc|ARM.Build.0 = Release|Any CPU
		{C646A031-62AB-47AD-B584-B96270522CCD}.Ad-Hoc|iPhone.ActiveCfg = Release|Any CPU
		{C646A031-62AB-47AD-B584-B96270522CCD}.Ad-Hoc|iPhone.Build.0 = Release|Any CPU
		{C646A031-62AB-47AD-B584-B96270522CCD}.Ad-Hoc|iPhoneSimulator.ActiveCfg = Release|Any CPU
		{C646A031-62AB-47AD-B584-B96270522CCD}.Ad-Hoc|iPhoneSimulator.Build.0 = Release|Any CPU
		{C646A031-62AB-47AD-B584-B96270522CCD}.Ad-Hoc|x64.ActiveCfg = Release|Any CPU
		{C646A031-62AB-47AD-B584-B96270522CCD}.Ad-Hoc|x64.Build.0 = Release|Any CPU
		{C646A031-62AB-47AD-B584-B96270522CCD}.Ad-Hoc|x86.ActiveCfg = Release|Any CPU
		{C646A031-62AB-47AD-B584-B96270522CCD}.Ad-Hoc|x86.Build.0 = Release|Any CPU
		{C646A031-62AB-47AD-B584-B96270522CCD}.AppStore|Any CPU.ActiveCfg = Release|Any CPU
		{C646A031-62AB-47AD-B584-B96270522CCD}.AppStore|Any CPU.Build.0 = Release|Any CPU
		{C646A031-62AB-47AD-B584-B96270522CCD}.AppStore|ARM.ActiveCfg = Release|Any CPU
		{C646A031-62AB-47AD-B584-B96270522CCD}.AppStore|ARM.Build.0 = Release|Any CPU
		{C646A031-62AB-47AD-B584-B96270522CCD}.AppStore|iPhone.ActiveCfg = Release|Any CPU
		{C646A031-62AB-47AD-B584-B96270522CCD}.AppStore|iPhone.Build.0 = Release|Any CPU
		{C646A031-62AB-47AD-B584-B96270522CCD}.AppStore|iPhoneSimulator.ActiveCfg = Release|Any CPU
		{C646A031-62AB-47AD-B584-B96270522CCD}.AppStore|iPhoneSimulator.Build.0 = Release|Any CPU
		{C646A031-62AB-47AD-B584-B96270522CCD}.AppStore|x64.ActiveCfg = Release|Any CPU
		{C646A031-62AB-47AD-B584-B96270522CCD}.AppStore|x64.Build.0 = Release|Any CPU
		{C646A031-62AB-47AD-B584-B96270522CCD}.AppStore|x86.ActiveCfg = Release|Any CPU
		{C646A031-62AB-47AD-B584-B96270522CCD}.AppStore|x86.Build.0 = Release|Any CPU
		{C646A031-62AB-47AD-B584-B96270522CCD}.Debug|Any CPU.ActiveCfg = Debug|Any CPU
		{C646A031-62AB-47AD-B584-B96270522CCD}.Debug|Any CPU.Build.0 = Debug|Any CPU
		{C646A031-62AB-47AD-B584-B96270522CCD}.Debug|ARM.ActiveCfg = Debug|Any CPU
		{C646A031-62AB-47AD-B584-B96270522CCD}.Debug|ARM.Build.0 = Debug|Any CPU
		{C646A031-62AB-47AD-B584-B96270522CCD}.Debug|iPhone.ActiveCfg = Debug|Any CPU
		{C646A031-62AB-47AD-B584-B96270522CCD}.Debug|iPhone.Build.0 = Debug|Any CPU
		{C646A031-62AB-47AD-B584-B96270522CCD}.Debug|iPhoneSimulator.ActiveCfg = Debug|Any CPU
		{C646A031-62AB-47AD-B584-B96270522CCD}.Debug|iPhoneSimulator.Build.0 = Debug|Any CPU
		{C646A031-62AB-47AD-B584-B96270522CCD}.Debug|x64.ActiveCfg = Debug|Any CPU
		{C646A031-62AB-47AD-B584-B96270522CCD}.Debug|x64.Build.0 = Debug|Any CPU
		{C646A031-62AB-47AD-B584-B96270522CCD}.Debug|x86.ActiveCfg = Debug|Any CPU
		{C646A031-62AB-47AD-B584-B96270522CCD}.Debug|x86.Build.0 = Debug|Any CPU
		{C646A031-62AB-47AD-B584-B96270522CCD}.Release|Any CPU.ActiveCfg = Release|Any CPU
		{C646A031-62AB-47AD-B584-B96270522CCD}.Release|Any CPU.Build.0 = Release|Any CPU
		{C646A031-62AB-47AD-B584-B96270522CCD}.Release|ARM.ActiveCfg = Release|Any CPU
		{C646A031-62AB-47AD-B584-B96270522CCD}.Release|ARM.Build.0 = Release|Any CPU
		{C646A031-62AB-47AD-B584-B96270522CCD}.Release|iPhone.ActiveCfg = Release|Any CPU
		{C646A031-62AB-47AD-B584-B96270522CCD}.Release|iPhone.Build.0 = Release|Any CPU
		{C646A031-62AB-47AD-B584-B96270522CCD}.Release|iPhoneSimulator.ActiveCfg = Release|Any CPU
		{C646A031-62AB-47AD-B584-B96270522CCD}.Release|iPhoneSimulator.Build.0 = Release|Any CPU
		{C646A031-62AB-47AD-B584-B96270522CCD}.Release|x64.ActiveCfg = Release|Any CPU
		{C646A031-62AB-47AD-B584-B96270522CCD}.Release|x64.Build.0 = Release|Any CPU
		{C646A031-62AB-47AD-B584-B96270522CCD}.Release|x86.ActiveCfg = Release|Any CPU
		{C646A031-62AB-47AD-B584-B96270522CCD}.Release|x86.Build.0 = Release|Any CPU
		{A9A6301A-0BD0-46A4-9AA7-E96491FA3965}.Ad-Hoc|Any CPU.ActiveCfg = Release|Any CPU
		{A9A6301A-0BD0-46A4-9AA7-E96491FA3965}.Ad-Hoc|Any CPU.Build.0 = Release|Any CPU
		{A9A6301A-0BD0-46A4-9AA7-E96491FA3965}.Ad-Hoc|ARM.ActiveCfg = Release|Any CPU
		{A9A6301A-0BD0-46A4-9AA7-E96491FA3965}.Ad-Hoc|ARM.Build.0 = Release|Any CPU
		{A9A6301A-0BD0-46A4-9AA7-E96491FA3965}.Ad-Hoc|iPhone.ActiveCfg = Release|Any CPU
		{A9A6301A-0BD0-46A4-9AA7-E96491FA3965}.Ad-Hoc|iPhone.Build.0 = Release|Any CPU
		{A9A6301A-0BD0-46A4-9AA7-E96491FA3965}.Ad-Hoc|iPhoneSimulator.ActiveCfg = Release|Any CPU
		{A9A6301A-0BD0-46A4-9AA7-E96491FA3965}.Ad-Hoc|iPhoneSimulator.Build.0 = Release|Any CPU
		{A9A6301A-0BD0-46A4-9AA7-E96491FA3965}.Ad-Hoc|x64.ActiveCfg = Release|Any CPU
		{A9A6301A-0BD0-46A4-9AA7-E96491FA3965}.Ad-Hoc|x64.Build.0 = Release|Any CPU
		{A9A6301A-0BD0-46A4-9AA7-E96491FA3965}.Ad-Hoc|x86.ActiveCfg = Release|Any CPU
		{A9A6301A-0BD0-46A4-9AA7-E96491FA3965}.Ad-Hoc|x86.Build.0 = Release|Any CPU
		{A9A6301A-0BD0-46A4-9AA7-E96491FA3965}.AppStore|Any CPU.ActiveCfg = Release|Any CPU
		{A9A6301A-0BD0-46A4-9AA7-E96491FA3965}.AppStore|Any CPU.Build.0 = Release|Any CPU
		{A9A6301A-0BD0-46A4-9AA7-E96491FA3965}.AppStore|ARM.ActiveCfg = Release|Any CPU
		{A9A6301A-0BD0-46A4-9AA7-E96491FA3965}.AppStore|ARM.Build.0 = Release|Any CPU
		{A9A6301A-0BD0-46A4-9AA7-E96491FA3965}.AppStore|iPhone.ActiveCfg = Release|Any CPU
		{A9A6301A-0BD0-46A4-9AA7-E96491FA3965}.AppStore|iPhone.Build.0 = Release|Any CPU
		{A9A6301A-0BD0-46A4-9AA7-E96491FA3965}.AppStore|iPhoneSimulator.ActiveCfg = Release|Any CPU
		{A9A6301A-0BD0-46A4-9AA7-E96491FA3965}.AppStore|iPhoneSimulator.Build.0 = Release|Any CPU
		{A9A6301A-0BD0-46A4-9AA7-E96491FA3965}.AppStore|x64.ActiveCfg = Release|Any CPU
		{A9A6301A-0BD0-46A4-9AA7-E96491FA3965}.AppStore|x64.Build.0 = Release|Any CPU
		{A9A6301A-0BD0-46A4-9AA7-E96491FA3965}.AppStore|x86.ActiveCfg = Release|Any CPU
		{A9A6301A-0BD0-46A4-9AA7-E96491FA3965}.AppStore|x86.Build.0 = Release|Any CPU
		{A9A6301A-0BD0-46A4-9AA7-E96491FA3965}.Debug|Any CPU.ActiveCfg = Debug|Any CPU
		{A9A6301A-0BD0-46A4-9AA7-E96491FA3965}.Debug|Any CPU.Build.0 = Debug|Any CPU
		{A9A6301A-0BD0-46A4-9AA7-E96491FA3965}.Debug|ARM.ActiveCfg = Debug|Any CPU
		{A9A6301A-0BD0-46A4-9AA7-E96491FA3965}.Debug|ARM.Build.0 = Debug|Any CPU
		{A9A6301A-0BD0-46A4-9AA7-E96491FA3965}.Debug|iPhone.ActiveCfg = Debug|Any CPU
		{A9A6301A-0BD0-46A4-9AA7-E96491FA3965}.Debug|iPhone.Build.0 = Debug|Any CPU
		{A9A6301A-0BD0-46A4-9AA7-E96491FA3965}.Debug|iPhoneSimulator.ActiveCfg = Debug|Any CPU
		{A9A6301A-0BD0-46A4-9AA7-E96491FA3965}.Debug|iPhoneSimulator.Build.0 = Debug|Any CPU
		{A9A6301A-0BD0-46A4-9AA7-E96491FA3965}.Debug|x64.ActiveCfg = Debug|Any CPU
		{A9A6301A-0BD0-46A4-9AA7-E96491FA3965}.Debug|x64.Build.0 = Debug|Any CPU
		{A9A6301A-0BD0-46A4-9AA7-E96491FA3965}.Debug|x86.ActiveCfg = Debug|Any CPU
		{A9A6301A-0BD0-46A4-9AA7-E96491FA3965}.Debug|x86.Build.0 = Debug|Any CPU
		{A9A6301A-0BD0-46A4-9AA7-E96491FA3965}.Release|Any CPU.ActiveCfg = Release|Any CPU
		{A9A6301A-0BD0-46A4-9AA7-E96491FA3965}.Release|Any CPU.Build.0 = Release|Any CPU
		{A9A6301A-0BD0-46A4-9AA7-E96491FA3965}.Release|ARM.ActiveCfg = Release|Any CPU
		{A9A6301A-0BD0-46A4-9AA7-E96491FA3965}.Release|ARM.Build.0 = Release|Any CPU
		{A9A6301A-0BD0-46A4-9AA7-E96491FA3965}.Release|iPhone.ActiveCfg = Release|Any CPU
		{A9A6301A-0BD0-46A4-9AA7-E96491FA3965}.Release|iPhone.Build.0 = Release|Any CPU
		{A9A6301A-0BD0-46A4-9AA7-E96491FA3965}.Release|iPhoneSimulator.ActiveCfg = Release|Any CPU
		{A9A6301A-0BD0-46A4-9AA7-E96491FA3965}.Release|iPhoneSimulator.Build.0 = Release|Any CPU
		{A9A6301A-0BD0-46A4-9AA7-E96491FA3965}.Release|x64.ActiveCfg = Release|Any CPU
		{A9A6301A-0BD0-46A4-9AA7-E96491FA3965}.Release|x64.Build.0 = Release|Any CPU
		{A9A6301A-0BD0-46A4-9AA7-E96491FA3965}.Release|x86.ActiveCfg = Release|Any CPU
		{A9A6301A-0BD0-46A4-9AA7-E96491FA3965}.Release|x86.Build.0 = Release|Any CPU
		{C69E86AB-83FF-40AE-871E-CFF452AA426F}.Ad-Hoc|Any CPU.ActiveCfg = Release|Any CPU
		{C69E86AB-83FF-40AE-871E-CFF452AA426F}.Ad-Hoc|Any CPU.Build.0 = Release|Any CPU
		{C69E86AB-83FF-40AE-871E-CFF452AA426F}.Ad-Hoc|ARM.ActiveCfg = Release|ARM
		{C69E86AB-83FF-40AE-871E-CFF452AA426F}.Ad-Hoc|ARM.Build.0 = Release|ARM
		{C69E86AB-83FF-40AE-871E-CFF452AA426F}.Ad-Hoc|iPhone.ActiveCfg = Release|Any CPU
		{C69E86AB-83FF-40AE-871E-CFF452AA426F}.Ad-Hoc|iPhone.Build.0 = Release|Any CPU
		{C69E86AB-83FF-40AE-871E-CFF452AA426F}.Ad-Hoc|iPhoneSimulator.ActiveCfg = Release|Any CPU
		{C69E86AB-83FF-40AE-871E-CFF452AA426F}.Ad-Hoc|iPhoneSimulator.Build.0 = Release|Any CPU
		{C69E86AB-83FF-40AE-871E-CFF452AA426F}.Ad-Hoc|x64.ActiveCfg = Release|x64
		{C69E86AB-83FF-40AE-871E-CFF452AA426F}.Ad-Hoc|x64.Build.0 = Release|x64
		{C69E86AB-83FF-40AE-871E-CFF452AA426F}.Ad-Hoc|x86.ActiveCfg = Release|x86
		{C69E86AB-83FF-40AE-871E-CFF452AA426F}.Ad-Hoc|x86.Build.0 = Release|x86
		{C69E86AB-83FF-40AE-871E-CFF452AA426F}.AppStore|Any CPU.ActiveCfg = Release|Any CPU
		{C69E86AB-83FF-40AE-871E-CFF452AA426F}.AppStore|Any CPU.Build.0 = Release|Any CPU
		{C69E86AB-83FF-40AE-871E-CFF452AA426F}.AppStore|ARM.ActiveCfg = Release|ARM
		{C69E86AB-83FF-40AE-871E-CFF452AA426F}.AppStore|ARM.Build.0 = Release|ARM
		{C69E86AB-83FF-40AE-871E-CFF452AA426F}.AppStore|iPhone.ActiveCfg = Release|Any CPU
		{C69E86AB-83FF-40AE-871E-CFF452AA426F}.AppStore|iPhone.Build.0 = Release|Any CPU
		{C69E86AB-83FF-40AE-871E-CFF452AA426F}.AppStore|iPhoneSimulator.ActiveCfg = Release|Any CPU
		{C69E86AB-83FF-40AE-871E-CFF452AA426F}.AppStore|iPhoneSimulator.Build.0 = Release|Any CPU
		{C69E86AB-83FF-40AE-871E-CFF452AA426F}.AppStore|x64.ActiveCfg = Release|x64
		{C69E86AB-83FF-40AE-871E-CFF452AA426F}.AppStore|x64.Build.0 = Release|x64
		{C69E86AB-83FF-40AE-871E-CFF452AA426F}.AppStore|x86.ActiveCfg = Release|x86
		{C69E86AB-83FF-40AE-871E-CFF452AA426F}.AppStore|x86.Build.0 = Release|x86
		{C69E86AB-83FF-40AE-871E-CFF452AA426F}.Debug|Any CPU.ActiveCfg = Debug|Any CPU
		{C69E86AB-83FF-40AE-871E-CFF452AA426F}.Debug|Any CPU.Build.0 = Debug|Any CPU
		{C69E86AB-83FF-40AE-871E-CFF452AA426F}.Debug|ARM.ActiveCfg = Debug|ARM
		{C69E86AB-83FF-40AE-871E-CFF452AA426F}.Debug|ARM.Build.0 = Debug|ARM
		{C69E86AB-83FF-40AE-871E-CFF452AA426F}.Debug|iPhone.ActiveCfg = Debug|Any CPU
		{C69E86AB-83FF-40AE-871E-CFF452AA426F}.Debug|iPhone.Build.0 = Debug|Any CPU
		{C69E86AB-83FF-40AE-871E-CFF452AA426F}.Debug|iPhoneSimulator.ActiveCfg = Debug|Any CPU
		{C69E86AB-83FF-40AE-871E-CFF452AA426F}.Debug|iPhoneSimulator.Build.0 = Debug|Any CPU
		{C69E86AB-83FF-40AE-871E-CFF452AA426F}.Debug|x64.ActiveCfg = Debug|x64
		{C69E86AB-83FF-40AE-871E-CFF452AA426F}.Debug|x64.Build.0 = Debug|x64
		{C69E86AB-83FF-40AE-871E-CFF452AA426F}.Debug|x86.ActiveCfg = Debug|x86
		{C69E86AB-83FF-40AE-871E-CFF452AA426F}.Debug|x86.Build.0 = Debug|x86
		{C69E86AB-83FF-40AE-871E-CFF452AA426F}.Release|Any CPU.ActiveCfg = Release|Any CPU
		{C69E86AB-83FF-40AE-871E-CFF452AA426F}.Release|Any CPU.Build.0 = Release|Any CPU
		{C69E86AB-83FF-40AE-871E-CFF452AA426F}.Release|ARM.ActiveCfg = Release|ARM
		{C69E86AB-83FF-40AE-871E-CFF452AA426F}.Release|ARM.Build.0 = Release|ARM
		{C69E86AB-83FF-40AE-871E-CFF452AA426F}.Release|iPhone.ActiveCfg = Release|Any CPU
		{C69E86AB-83FF-40AE-871E-CFF452AA426F}.Release|iPhone.Build.0 = Release|Any CPU
		{C69E86AB-83FF-40AE-871E-CFF452AA426F}.Release|iPhoneSimulator.ActiveCfg = Release|Any CPU
		{C69E86AB-83FF-40AE-871E-CFF452AA426F}.Release|iPhoneSimulator.Build.0 = Release|Any CPU
		{C69E86AB-83FF-40AE-871E-CFF452AA426F}.Release|x64.ActiveCfg = Release|x64
		{C69E86AB-83FF-40AE-871E-CFF452AA426F}.Release|x64.Build.0 = Release|x64
		{C69E86AB-83FF-40AE-871E-CFF452AA426F}.Release|x86.ActiveCfg = Release|x86
		{C69E86AB-83FF-40AE-871E-CFF452AA426F}.Release|x86.Build.0 = Release|x86
		{81C8331B-A02B-45E0-AB95-CB2B2223672C}.Ad-Hoc|Any CPU.ActiveCfg = Release|Any CPU
		{81C8331B-A02B-45E0-AB95-CB2B2223672C}.Ad-Hoc|Any CPU.Build.0 = Release|Any CPU
		{81C8331B-A02B-45E0-AB95-CB2B2223672C}.Ad-Hoc|ARM.ActiveCfg = Release|Any CPU
		{81C8331B-A02B-45E0-AB95-CB2B2223672C}.Ad-Hoc|ARM.Build.0 = Release|Any CPU
		{81C8331B-A02B-45E0-AB95-CB2B2223672C}.Ad-Hoc|iPhone.ActiveCfg = Release|Any CPU
		{81C8331B-A02B-45E0-AB95-CB2B2223672C}.Ad-Hoc|iPhone.Build.0 = Release|Any CPU
		{81C8331B-A02B-45E0-AB95-CB2B2223672C}.Ad-Hoc|iPhoneSimulator.ActiveCfg = Release|Any CPU
		{81C8331B-A02B-45E0-AB95-CB2B2223672C}.Ad-Hoc|iPhoneSimulator.Build.0 = Release|Any CPU
		{81C8331B-A02B-45E0-AB95-CB2B2223672C}.Ad-Hoc|x64.ActiveCfg = Release|Any CPU
		{81C8331B-A02B-45E0-AB95-CB2B2223672C}.Ad-Hoc|x64.Build.0 = Release|Any CPU
		{81C8331B-A02B-45E0-AB95-CB2B2223672C}.Ad-Hoc|x86.ActiveCfg = Release|Any CPU
		{81C8331B-A02B-45E0-AB95-CB2B2223672C}.Ad-Hoc|x86.Build.0 = Release|Any CPU
		{81C8331B-A02B-45E0-AB95-CB2B2223672C}.AppStore|Any CPU.ActiveCfg = Release|Any CPU
		{81C8331B-A02B-45E0-AB95-CB2B2223672C}.AppStore|Any CPU.Build.0 = Release|Any CPU
		{81C8331B-A02B-45E0-AB95-CB2B2223672C}.AppStore|ARM.ActiveCfg = Release|Any CPU
		{81C8331B-A02B-45E0-AB95-CB2B2223672C}.AppStore|ARM.Build.0 = Release|Any CPU
		{81C8331B-A02B-45E0-AB95-CB2B2223672C}.AppStore|iPhone.ActiveCfg = Release|Any CPU
		{81C8331B-A02B-45E0-AB95-CB2B2223672C}.AppStore|iPhone.Build.0 = Release|Any CPU
		{81C8331B-A02B-45E0-AB95-CB2B2223672C}.AppStore|iPhoneSimulator.ActiveCfg = Release|Any CPU
		{81C8331B-A02B-45E0-AB95-CB2B2223672C}.AppStore|iPhoneSimulator.Build.0 = Release|Any CPU
		{81C8331B-A02B-45E0-AB95-CB2B2223672C}.AppStore|x64.ActiveCfg = Release|Any CPU
		{81C8331B-A02B-45E0-AB95-CB2B2223672C}.AppStore|x64.Build.0 = Release|Any CPU
		{81C8331B-A02B-45E0-AB95-CB2B2223672C}.AppStore|x86.ActiveCfg = Release|Any CPU
		{81C8331B-A02B-45E0-AB95-CB2B2223672C}.AppStore|x86.Build.0 = Release|Any CPU
		{81C8331B-A02B-45E0-AB95-CB2B2223672C}.Debug|Any CPU.ActiveCfg = Debug|Any CPU
		{81C8331B-A02B-45E0-AB95-CB2B2223672C}.Debug|Any CPU.Build.0 = Debug|Any CPU
		{81C8331B-A02B-45E0-AB95-CB2B2223672C}.Debug|ARM.ActiveCfg = Debug|Any CPU
		{81C8331B-A02B-45E0-AB95-CB2B2223672C}.Debug|ARM.Build.0 = Debug|Any CPU
		{81C8331B-A02B-45E0-AB95-CB2B2223672C}.Debug|iPhone.ActiveCfg = Debug|Any CPU
		{81C8331B-A02B-45E0-AB95-CB2B2223672C}.Debug|iPhone.Build.0 = Debug|Any CPU
		{81C8331B-A02B-45E0-AB95-CB2B2223672C}.Debug|iPhoneSimulator.ActiveCfg = Debug|Any CPU
		{81C8331B-A02B-45E0-AB95-CB2B2223672C}.Debug|iPhoneSimulator.Build.0 = Debug|Any CPU
		{81C8331B-A02B-45E0-AB95-CB2B2223672C}.Debug|x64.ActiveCfg = Debug|Any CPU
		{81C8331B-A02B-45E0-AB95-CB2B2223672C}.Debug|x64.Build.0 = Debug|Any CPU
		{81C8331B-A02B-45E0-AB95-CB2B2223672C}.Debug|x86.ActiveCfg = Debug|Any CPU
		{81C8331B-A02B-45E0-AB95-CB2B2223672C}.Debug|x86.Build.0 = Debug|Any CPU
		{81C8331B-A02B-45E0-AB95-CB2B2223672C}.Release|Any CPU.ActiveCfg = Release|Any CPU
		{81C8331B-A02B-45E0-AB95-CB2B2223672C}.Release|Any CPU.Build.0 = Release|Any CPU
		{81C8331B-A02B-45E0-AB95-CB2B2223672C}.Release|ARM.ActiveCfg = Release|Any CPU
		{81C8331B-A02B-45E0-AB95-CB2B2223672C}.Release|ARM.Build.0 = Release|Any CPU
		{81C8331B-A02B-45E0-AB95-CB2B2223672C}.Release|iPhone.ActiveCfg = Release|Any CPU
		{81C8331B-A02B-45E0-AB95-CB2B2223672C}.Release|iPhone.Build.0 = Release|Any CPU
		{81C8331B-A02B-45E0-AB95-CB2B2223672C}.Release|iPhoneSimulator.ActiveCfg = Release|Any CPU
		{81C8331B-A02B-45E0-AB95-CB2B2223672C}.Release|iPhoneSimulator.Build.0 = Release|Any CPU
		{81C8331B-A02B-45E0-AB95-CB2B2223672C}.Release|x64.ActiveCfg = Release|Any CPU
		{81C8331B-A02B-45E0-AB95-CB2B2223672C}.Release|x64.Build.0 = Release|Any CPU
		{81C8331B-A02B-45E0-AB95-CB2B2223672C}.Release|x86.ActiveCfg = Release|Any CPU
		{81C8331B-A02B-45E0-AB95-CB2B2223672C}.Release|x86.Build.0 = Release|Any CPU
	EndGlobalSection
	GlobalSection(SolutionProperties) = preSolution
		HideSolutionNode = FALSE
	EndGlobalSection
	GlobalSection(NestedProjects) = preSolution
		{67F9D3A8-F71E-4428-913F-C37AE82CDB24} = {E6C9B585-DF75-4C60-8EEF-8F95135E2FE8}
		{C646A031-62AB-47AD-B584-B96270522CCD} = {E6C9B585-DF75-4C60-8EEF-8F95135E2FE8}
		{A9A6301A-0BD0-46A4-9AA7-E96491FA3965} = {E6C9B585-DF75-4C60-8EEF-8F95135E2FE8}
		{C69E86AB-83FF-40AE-871E-CFF452AA426F} = {E6C9B585-DF75-4C60-8EEF-8F95135E2FE8}
		{81C8331B-A02B-45E0-AB95-CB2B2223672C} = {E6C9B585-DF75-4C60-8EEF-8F95135E2FE8}
	EndGlobalSection
EndGlobal
